
Microsoft Visual Studio Solution File, Format Version 12.00
# Visual Studio Version 17
VisualStudioVersion = 17.5.33502.453
MinimumVisualStudioVersion = 10.0.40219.1
Project("{9A19103F-16F7-4668-BE54-9A1E7A4F7556}") = "Tedu.Identity.IDP", "src\Tedu.Identity.IDP\Tedu.Identity.IDP.csproj", "{D0D088AC-B670-4176-B9DC-F3E9335B7EDE}"
EndProject
Project("{9A19103F-16F7-4668-BE54-9A1E7A4F7556}") = "Tedu.Infrastructure", "src\Tedu.Infrastructure\Tedu.Infrastructure.csproj", "{CE41D0B9-AA8E-48D1-9B92-FAD1C7D65185}"
EndProject
Project("{2150E333-8FDC-42A3-9474-1A3956D46DE8}") = "src", "src", "{A9236CC3-4A11-4925-B585-BCA44A53C5C9}"
EndProject
Project("{9A19103F-16F7-4668-BE54-9A1E7A4F7556}") = "Tedu.Contracts", "src\Tedu.Contracts\Tedu.Contracts.csproj", "{64AD639D-6AD7-4B5A-9746-AE5966088E7A}"
EndProject
Project("{9A19103F-16F7-4668-BE54-9A1E7A4F7556}") = "Tedu.Identity.API", "src\Tedu.Identity.API\Tedu.Identity.API.csproj", "{5063F9C0-0E5A-44AE-BDD3-5FF78AF8B805}"
EndProject
Project("{2150E333-8FDC-42A3-9474-1A3956D46DE8}") = "Solution Items", "Solution Items", "{43EFF33A-8F90-4ADC-9657-4BA17B4C66E4}"
EndProject
Global
	GlobalSection(SolutionConfigurationPlatforms) = preSolution
		Debug|Any CPU = Debug|Any CPU
		Release|Any CPU = Release|Any CPU
	EndGlobalSection
	GlobalSection(ProjectConfigurationPlatforms) = postSolution
		{D0D088AC-B670-4176-B9DC-F3E9335B7EDE}.Debug|Any CPU.ActiveCfg = Debug|Any CPU
		{D0D088AC-B670-4176-B9DC-F3E9335B7EDE}.Debug|Any CPU.Build.0 = Debug|Any CPU
		{D0D088AC-B670-4176-B9DC-F3E9335B7EDE}.Release|Any CPU.ActiveCfg = Release|Any CPU
		{D0D088AC-B670-4176-B9DC-F3E9335B7EDE}.Release|Any CPU.Build.0 = Release|Any CPU
		{CE41D0B9-AA8E-48D1-9B92-FAD1C7D65185}.Debug|Any CPU.ActiveCfg = Debug|Any CPU
		{CE41D0B9-AA8E-48D1-9B92-FAD1C7D65185}.Debug|Any CPU.Build.0 = Debug|Any CPU
		{CE41D0B9-AA8E-48D1-9B92-FAD1C7D65185}.Release|Any CPU.ActiveCfg = Release|Any CPU
		{CE41D0B9-AA8E-48D1-9B92-FAD1C7D65185}.Release|Any CPU.Build.0 = Release|Any CPU
		{64AD639D-6AD7-4B5A-9746-AE5966088E7A}.Debug|Any CPU.ActiveCfg = Debug|Any CPU
		{64AD639D-6AD7-4B5A-9746-AE5966088E7A}.Debug|Any CPU.Build.0 = Debug|Any CPU
		{64AD639D-6AD7-4B5A-9746-AE5966088E7A}.Release|Any CPU.ActiveCfg = Release|Any CPU
		{64AD639D-6AD7-4B5A-9746-AE5966088E7A}.Release|Any CPU.Build.0 = Release|Any CPU
		{5063F9C0-0E5A-44AE-BDD3-5FF78AF8B805}.Debug|Any CPU.ActiveCfg = Debug|Any CPU
		{5063F9C0-0E5A-44AE-BDD3-5FF78AF8B805}.Debug|Any CPU.Build.0 = Debug|Any CPU
		{5063F9C0-0E5A-44AE-BDD3-5FF78AF8B805}.Release|Any CPU.ActiveCfg = Release|Any CPU
		{5063F9C0-0E5A-44AE-BDD3-5FF78AF8B805}.Release|Any CPU.Build.0 = Release|Any CPU
	EndGlobalSection
	GlobalSection(SolutionProperties) = preSolution
		HideSolutionNode = FALSE
	EndGlobalSection
	GlobalSection(NestedProjects) = preSolution
		{D0D088AC-B670-4176-B9DC-F3E9335B7EDE} = {A9236CC3-4A11-4925-B585-BCA44A53C5C9}
		{CE41D0B9-AA8E-48D1-9B92-FAD1C7D65185} = {A9236CC3-4A11-4925-B585-BCA44A53C5C9}
		{64AD639D-6AD7-4B5A-9746-AE5966088E7A} = {A9236CC3-4A11-4925-B585-BCA44A53C5C9}
		{5063F9C0-0E5A-44AE-BDD3-5FF78AF8B805} = {A9236CC3-4A11-4925-B585-BCA44A53C5C9}
	EndGlobalSection
	GlobalSection(ExtensibilityGlobals) = postSolution
		SolutionGuid = {F245062D-4BDC-4779-AC5C-188907592A71}
	EndGlobalSection
EndGlobal
