
Microsoft Visual Studio Solution File, Format Version 12.00
# Visual Studio Version 17
VisualStudioVersion = 17.0.31903.59
MinimumVisualStudioVersion = 10.0.40219.1
Project("{9A19103F-16F7-4668-BE54-9A1E7A4F7556}") = "Tedu.Identity.IDP", "src\Tedu.Identity.IDP\Tedu.Identity.IDP.csproj", "{584046ED-8361-4F73-A479-6B82E25FE57C}"
EndProject
Project("{2150E333-8FDC-42A3-9474-1A3956D46DE8}") = "Solution Items", "Solution Items", "{C594B5FA-8D0F-426F-AD09-E87B88621D2C}"
	ProjectSection(SolutionItems) = preProject
		src\docker-compose.yml = src\docker-compose.yml
		README.md = README.md
	EndProjectSection
EndProject
Project("{2150E333-8FDC-42A3-9474-1A3956D46DE8}") = "src", "src", "{35BCC310-37F1-4B75-978E-C16B419F4E8E}"
EndProject
Project("{9A19103F-16F7-4668-BE54-9A1E7A4F7556}") = "Tedu.Identity.Infrastructure", "src\Tedu.Identity.Infrastructure\Tedu.Identity.Infrastructure.csproj", "{585D9CE2-8977-4BF8-9A24-C22FEE6D3476}"
EndProject
Project("{9A19103F-16F7-4668-BE54-9A1E7A4F7556}") = "Tedu.Identity.Presentation", "src\Tedu.Identity.Presentation\Tedu.Identity.Presentation.csproj", "{F8520FD1-A6F2-4B5F-B8B3-CC8BB24AC47D}"
EndProject
Project("{9A19103F-16F7-4668-BE54-9A1E7A4F7556}") = "Tedu.Identity.Test", "src\Tedu.Identity.Test\Tedu.Identity.Test.csproj", "{B043249B-B1C6-4320-8F01-86A517556E0C}"
EndProject
Global
	GlobalSection(SolutionConfigurationPlatforms) = preSolution
		Debug|Any CPU = Debug|Any CPU
		Release|Any CPU = Release|Any CPU
	EndGlobalSection
	GlobalSection(ProjectConfigurationPlatforms) = postSolution
		{584046ED-8361-4F73-A479-6B82E25FE57C}.Debug|Any CPU.ActiveCfg = Debug|Any CPU
		{584046ED-8361-4F73-A479-6B82E25FE57C}.Debug|Any CPU.Build.0 = Debug|Any CPU
		{584046ED-8361-4F73-A479-6B82E25FE57C}.Release|Any CPU.ActiveCfg = Release|Any CPU
		{584046ED-8361-4F73-A479-6B82E25FE57C}.Release|Any CPU.Build.0 = Release|Any CPU
		{585D9CE2-8977-4BF8-9A24-C22FEE6D3476}.Debug|Any CPU.ActiveCfg = Debug|Any CPU
		{585D9CE2-8977-4BF8-9A24-C22FEE6D3476}.Debug|Any CPU.Build.0 = Debug|Any CPU
		{585D9CE2-8977-4BF8-9A24-C22FEE6D3476}.Release|Any CPU.ActiveCfg = Release|Any CPU
		{585D9CE2-8977-4BF8-9A24-C22FEE6D3476}.Release|Any CPU.Build.0 = Release|Any CPU
		{F8520FD1-A6F2-4B5F-B8B3-CC8BB24AC47D}.Debug|Any CPU.ActiveCfg = Debug|Any CPU
		{F8520FD1-A6F2-4B5F-B8B3-CC8BB24AC47D}.Debug|Any CPU.Build.0 = Debug|Any CPU
		{F8520FD1-A6F2-4B5F-B8B3-CC8BB24AC47D}.Release|Any CPU.ActiveCfg = Release|Any CPU
		{F8520FD1-A6F2-4B5F-B8B3-CC8BB24AC47D}.Release|Any CPU.Build.0 = Release|Any CPU
		{B043249B-B1C6-4320-8F01-86A517556E0C}.Debug|Any CPU.ActiveCfg = Debug|Any CPU
		{B043249B-B1C6-4320-8F01-86A517556E0C}.Debug|Any CPU.Build.0 = Debug|Any CPU
		{B043249B-B1C6-4320-8F01-86A517556E0C}.Release|Any CPU.ActiveCfg = Release|Any CPU
		{B043249B-B1C6-4320-8F01-86A517556E0C}.Release|Any CPU.Build.0 = Release|Any CPU
	EndGlobalSection
	GlobalSection(SolutionProperties) = preSolution
		HideSolutionNode = FALSE
	EndGlobalSection
	GlobalSection(NestedProjects) = preSolution
		{584046ED-8361-4F73-A479-6B82E25FE57C} = {35BCC310-37F1-4B75-978E-C16B419F4E8E}
		{585D9CE2-8977-4BF8-9A24-C22FEE6D3476} = {35BCC310-37F1-4B75-978E-C16B419F4E8E}
		{F8520FD1-A6F2-4B5F-B8B3-CC8BB24AC47D} = {35BCC310-37F1-4B75-978E-C16B419F4E8E}
		{B043249B-B1C6-4320-8F01-86A517556E0C} = {35BCC310-37F1-4B75-978E-C16B419F4E8E}
	EndGlobalSection
	GlobalSection(ExtensibilityGlobals) = postSolution
		SolutionGuid = {257631DF-3A82-471C-A14B-C8BE415984A0}
	EndGlobalSection
EndGlobal
